
Microsoft Visual Studio Solution File, Format Version 12.00
# Visual Studio 2012
Project("{2150E333-8FDC-42A3-9474-1A3956D46DE8}") = "app", "app", "{5A8FC30F-D9C6-4760-8B80-E848E779ADC3}"
EndProject
Project("{2150E333-8FDC-42A3-9474-1A3956D46DE8}") = "test", "test", "{4BABC374-7849-499B-A545-D17321352EE8}"
EndProject
Project("{FAE04EC0-301F-11D3-BF4B-00C04F79EFBC}") = "Chaos.Cockpit.Core", "src\app\Chaos.Cockpit.Core\Chaos.Cockpit.Core.csproj", "{F4D6C3D5-9666-4573-8B0E-FCF5B79C0E09}"
EndProject
Project("{2150E333-8FDC-42A3-9474-1A3956D46DE8}") = "Solution Items", "Solution Items", "{A0AA32CF-71A6-4407-91D0-CA9331F72523}"
	ProjectSection(SolutionItems) = preProject
		.gitignore = .gitignore
		todo.txt = todo.txt
	EndProjectSection
EndProject
Project("{FAE04EC0-301F-11D3-BF4B-00C04F79EFBC}") = "Chaos.Cockpit.Core.Test", "src\test\Chaos.Cockpit.Core.Test\Chaos.Cockpit.Core.Test.csproj", "{DD1517CF-A2F5-499B-BF27-EB77828B92AB}"
EndProject
Global
	GlobalSection(SolutionConfigurationPlatforms) = preSolution
		Debug|Any CPU = Debug|Any CPU
		Release|Any CPU = Release|Any CPU
	EndGlobalSection
	GlobalSection(ProjectConfigurationPlatforms) = postSolution
		{F4D6C3D5-9666-4573-8B0E-FCF5B79C0E09}.Debug|Any CPU.ActiveCfg = Debug|Any CPU
		{F4D6C3D5-9666-4573-8B0E-FCF5B79C0E09}.Debug|Any CPU.Build.0 = Debug|Any CPU
		{F4D6C3D5-9666-4573-8B0E-FCF5B79C0E09}.Release|Any CPU.ActiveCfg = Release|Any CPU
		{F4D6C3D5-9666-4573-8B0E-FCF5B79C0E09}.Release|Any CPU.Build.0 = Release|Any CPU
		{DD1517CF-A2F5-499B-BF27-EB77828B92AB}.Debug|Any CPU.ActiveCfg = Debug|Any CPU
		{DD1517CF-A2F5-499B-BF27-EB77828B92AB}.Debug|Any CPU.Build.0 = Debug|Any CPU
		{DD1517CF-A2F5-499B-BF27-EB77828B92AB}.Release|Any CPU.ActiveCfg = Release|Any CPU
		{DD1517CF-A2F5-499B-BF27-EB77828B92AB}.Release|Any CPU.Build.0 = Release|Any CPU
	EndGlobalSection
	GlobalSection(SolutionProperties) = preSolution
		HideSolutionNode = FALSE
	EndGlobalSection
	GlobalSection(NestedProjects) = preSolution
		{F4D6C3D5-9666-4573-8B0E-FCF5B79C0E09} = {5A8FC30F-D9C6-4760-8B80-E848E779ADC3}
		{DD1517CF-A2F5-499B-BF27-EB77828B92AB} = {4BABC374-7849-499B-A545-D17321352EE8}
	EndGlobalSection
EndGlobal
